
Microsoft Visual Studio Solution File, Format Version 12.00
# Visual Studio Version 17
VisualStudioVersion = 17.9.34728.123
MinimumVisualStudioVersion = 10.0.40219.1
Project("{FAE04EC0-301F-11D3-BF4B-00C04F79EFBC}") = "AT9eAT10dnweb", "AT9eAT10dnweb\AT9eAT10dnweb.csproj", "{094EEE9A-5B7B-42FB-9A2D-129DA769C528}"
EndProject
Global
	GlobalSection(SolutionConfigurationPlatforms) = preSolution
		Debug|Any CPU = Debug|Any CPU
		Release|Any CPU = Release|Any CPU
	EndGlobalSection
	GlobalSection(ProjectConfigurationPlatforms) = postSolution
		{094EEE9A-5B7B-42FB-9A2D-129DA769C528}.Debug|Any CPU.ActiveCfg = Debug|Any CPU
		{094EEE9A-5B7B-42FB-9A2D-129DA769C528}.Debug|Any CPU.Build.0 = Debug|Any CPU
		{094EEE9A-5B7B-42FB-9A2D-129DA769C528}.Release|Any CPU.ActiveCfg = Release|Any CPU
		{094EEE9A-5B7B-42FB-9A2D-129DA769C528}.Release|Any CPU.Build.0 = Release|Any CPU
	EndGlobalSection
	GlobalSection(SolutionProperties) = preSolution
		HideSolutionNode = FALSE
	EndGlobalSection
	GlobalSection(ExtensibilityGlobals) = postSolution
		SolutionGuid = {CDCD7A6C-14C9-48C9-AC90-8979A3FA02C9}
	EndGlobalSection
EndGlobal
